
Microsoft Visual Studio Solution File, Format Version 12.00
Project("{FAE04EC0-301F-11D3-BF4B-00C04F79EFBC}") = "SchemaSmith", "SchemaSmith\SchemaSmith.csproj", "{12FAA2E7-3F62-4A51-B27C-06ABCAA53A73}"
EndProject
Project("{FAE04EC0-301F-11D3-BF4B-00C04F79EFBC}") = "SchemaSmith.Tests", "SchemaSmith.Tests\SchemaSmith.Tests.csproj", "{A02BD42A-8AC6-4F07-B3E5-55B36ABEE98A}"
EndProject
Project("{FAE04EC0-301F-11D3-BF4B-00C04F79EFBC}") = "SchemaSmith.Core", "SchemaSmith.Core\SchemaSmith.Core.csproj", "{D986D478-96B3-4BA9-A623-80A2A40439A1}"
EndProject
Project("{FAE04EC0-301F-11D3-BF4B-00C04F79EFBC}") = "SchemaSmith.Domain", "SchemaSmith.Domain\SchemaSmith.Domain.csproj", "{923F1AF3-58FE-4FD6-AA22-99511F09B021}"
EndProject
Project("{FAE04EC0-301F-11D3-BF4B-00C04F79EFBC}") = "SchemaSmith.Infrastructure", "SchemaSmith.Infrastructure\SchemaSmith.Infrastructure.csproj", "{FC7FB319-F431-49AC-90BE-8E787A582073}"
EndProject
Project("{FAE04EC0-301F-11D3-BF4B-00C04F79EFBC}") = "SchemaSmith.Neo4j", "SchemaSmith.Neo4j\SchemaSmith.Neo4j.csproj", "{3707995C-9247-4E1A-A8C6-01549875BC49}"
EndProject
Project("{FAE04EC0-301F-11D3-BF4B-00C04F79EFBC}") = "SchemaSmith.SQLServer", "SchemaSmith.SQLServer\SchemaSmith.SQLServer.csproj", "{89772DBD-4C06-4198-8DB3-D216C9702158}"
EndProject
Project("{2150E333-8FDC-42A3-9474-1A3956D46DE8}") = "src", "src", "{2670A734-AF39-44B0-9B2A-329E66065981}"
EndProject
Project("{2150E333-8FDC-42A3-9474-1A3956D46DE8}") = "tests", "tests", "{6E6C6957-6928-4829-B3A1-F3D61C203BDD}"
EndProject
Global
	GlobalSection(SolutionConfigurationPlatforms) = preSolution
		Debug|Any CPU = Debug|Any CPU
		Release|Any CPU = Release|Any CPU
	EndGlobalSection
	GlobalSection(ProjectConfigurationPlatforms) = postSolution
		{12FAA2E7-3F62-4A51-B27C-06ABCAA53A73}.Debug|Any CPU.ActiveCfg = Debug|Any CPU
		{12FAA2E7-3F62-4A51-B27C-06ABCAA53A73}.Debug|Any CPU.Build.0 = Debug|Any CPU
		{12FAA2E7-3F62-4A51-B27C-06ABCAA53A73}.Release|Any CPU.ActiveCfg = Release|Any CPU
		{12FAA2E7-3F62-4A51-B27C-06ABCAA53A73}.Release|Any CPU.Build.0 = Release|Any CPU
		{A02BD42A-8AC6-4F07-B3E5-55B36ABEE98A}.Debug|Any CPU.ActiveCfg = Debug|Any CPU
		{A02BD42A-8AC6-4F07-B3E5-55B36ABEE98A}.Debug|Any CPU.Build.0 = Debug|Any CPU
		{A02BD42A-8AC6-4F07-B3E5-55B36ABEE98A}.Release|Any CPU.ActiveCfg = Release|Any CPU
		{A02BD42A-8AC6-4F07-B3E5-55B36ABEE98A}.Release|Any CPU.Build.0 = Release|Any CPU
		{D986D478-96B3-4BA9-A623-80A2A40439A1}.Debug|Any CPU.ActiveCfg = Debug|Any CPU
		{D986D478-96B3-4BA9-A623-80A2A40439A1}.Debug|Any CPU.Build.0 = Debug|Any CPU
		{D986D478-96B3-4BA9-A623-80A2A40439A1}.Release|Any CPU.ActiveCfg = Release|Any CPU
		{D986D478-96B3-4BA9-A623-80A2A40439A1}.Release|Any CPU.Build.0 = Release|Any CPU
		{923F1AF3-58FE-4FD6-AA22-99511F09B021}.Debug|Any CPU.ActiveCfg = Debug|Any CPU
		{923F1AF3-58FE-4FD6-AA22-99511F09B021}.Debug|Any CPU.Build.0 = Debug|Any CPU
		{923F1AF3-58FE-4FD6-AA22-99511F09B021}.Release|Any CPU.ActiveCfg = Release|Any CPU
		{923F1AF3-58FE-4FD6-AA22-99511F09B021}.Release|Any CPU.Build.0 = Release|Any CPU
		{FC7FB319-F431-49AC-90BE-8E787A582073}.Debug|Any CPU.ActiveCfg = Debug|Any CPU
		{FC7FB319-F431-49AC-90BE-8E787A582073}.Debug|Any CPU.Build.0 = Debug|Any CPU
		{FC7FB319-F431-49AC-90BE-8E787A582073}.Release|Any CPU.ActiveCfg = Release|Any CPU
		{FC7FB319-F431-49AC-90BE-8E787A582073}.Release|Any CPU.Build.0 = Release|Any CPU
		{3707995C-9247-4E1A-A8C6-01549875BC49}.Debug|Any CPU.ActiveCfg = Debug|Any CPU
		{3707995C-9247-4E1A-A8C6-01549875BC49}.Debug|Any CPU.Build.0 = Debug|Any CPU
		{3707995C-9247-4E1A-A8C6-01549875BC49}.Release|Any CPU.ActiveCfg = Release|Any CPU
		{3707995C-9247-4E1A-A8C6-01549875BC49}.Release|Any CPU.Build.0 = Release|Any CPU
		{89772DBD-4C06-4198-8DB3-D216C9702158}.Debug|Any CPU.ActiveCfg = Debug|Any CPU
		{89772DBD-4C06-4198-8DB3-D216C9702158}.Debug|Any CPU.Build.0 = Debug|Any CPU
		{89772DBD-4C06-4198-8DB3-D216C9702158}.Release|Any CPU.ActiveCfg = Release|Any CPU
		{89772DBD-4C06-4198-8DB3-D216C9702158}.Release|Any CPU.Build.0 = Release|Any CPU
	EndGlobalSection
	GlobalSection(NestedProjects) = preSolution
		{12FAA2E7-3F62-4A51-B27C-06ABCAA53A73} = {2670A734-AF39-44B0-9B2A-329E66065981}
		{D986D478-96B3-4BA9-A623-80A2A40439A1} = {2670A734-AF39-44B0-9B2A-329E66065981}
		{923F1AF3-58FE-4FD6-AA22-99511F09B021} = {2670A734-AF39-44B0-9B2A-329E66065981}
		{FC7FB319-F431-49AC-90BE-8E787A582073} = {2670A734-AF39-44B0-9B2A-329E66065981}
		{3707995C-9247-4E1A-A8C6-01549875BC49} = {2670A734-AF39-44B0-9B2A-329E66065981}
		{89772DBD-4C06-4198-8DB3-D216C9702158} = {2670A734-AF39-44B0-9B2A-329E66065981}
		{A02BD42A-8AC6-4F07-B3E5-55B36ABEE98A} = {6E6C6957-6928-4829-B3A1-F3D61C203BDD}
	EndGlobalSection
EndGlobal
